
Microsoft Visual Studio Solution File, Format Version 12.00
# Visual Studio 2013
VisualStudioVersion = 12.0.31101.0
MinimumVisualStudioVersion = 10.0.40219.1
Project("{FAE04EC0-301F-11D3-BF4B-00C04F79EFBC}") = "Freehand", "Freehand\Freehand\Freehand.csproj", "{D66EB814-6470-4E5F-843E-35D602078083}"
EndProject
Project("{FAE04EC0-301F-11D3-BF4B-00C04F79EFBC}") = "Freehand.iOS", "Freehand\Freehand.iOS\Freehand.iOS.csproj", "{45E4098C-30AB-44D6-A45F-A46300ACF325}"
EndProject
Project("{FAE04EC0-301F-11D3-BF4B-00C04F79EFBC}") = "Freehand.Android", "Freehand\Freehand.Android\Freehand.Android.csproj", "{DA05095C-8948-4FF0-8CE6-9C56602E1856}"
EndProject
Project("{FAE04EC0-301F-11D3-BF4B-00C04F79EFBC}") = "Freehand.WinPhone", "Freehand\Freehand.WinPhone\Freehand.WinPhone.csproj", "{BE5901EC-BAF2-4317-99A7-0590D16624FA}"
EndProject
Global
	GlobalSection(SolutionConfigurationPlatforms) = preSolution
		Ad-Hoc|Any CPU = Ad-Hoc|Any CPU
		Ad-Hoc|ARM = Ad-Hoc|ARM
		Ad-Hoc|iPhone = Ad-Hoc|iPhone
		Ad-Hoc|iPhoneSimulator = Ad-Hoc|iPhoneSimulator
		Ad-Hoc|Mixed Platforms = Ad-Hoc|Mixed Platforms
		Ad-Hoc|x86 = Ad-Hoc|x86
		AppStore|Any CPU = AppStore|Any CPU
		AppStore|ARM = AppStore|ARM
		AppStore|iPhone = AppStore|iPhone
		AppStore|iPhoneSimulator = AppStore|iPhoneSimulator
		AppStore|Mixed Platforms = AppStore|Mixed Platforms
		AppStore|x86 = AppStore|x86
		Debug|Any CPU = Debug|Any CPU
		Debug|ARM = Debug|ARM
		Debug|iPhone = Debug|iPhone
		Debug|iPhoneSimulator = Debug|iPhoneSimulator
		Debug|Mixed Platforms = Debug|Mixed Platforms
		Debug|x86 = Debug|x86
		Release|Any CPU = Release|Any CPU
		Release|ARM = Release|ARM
		Release|iPhone = Release|iPhone
		Release|iPhoneSimulator = Release|iPhoneSimulator
		Release|Mixed Platforms = Release|Mixed Platforms
		Release|x86 = Release|x86
	EndGlobalSection
	GlobalSection(ProjectConfigurationPlatforms) = postSolution
		{D66EB814-6470-4E5F-843E-35D602078083}.Ad-Hoc|Any CPU.ActiveCfg = Release|Any CPU
		{D66EB814-6470-4E5F-843E-35D602078083}.Ad-Hoc|Any CPU.Build.0 = Release|Any CPU
		{D66EB814-6470-4E5F-843E-35D602078083}.Ad-Hoc|ARM.ActiveCfg = Release|Any CPU
		{D66EB814-6470-4E5F-843E-35D602078083}.Ad-Hoc|iPhone.ActiveCfg = Release|Any CPU
		{D66EB814-6470-4E5F-843E-35D602078083}.Ad-Hoc|iPhoneSimulator.ActiveCfg = Release|Any CPU
		{D66EB814-6470-4E5F-843E-35D602078083}.Ad-Hoc|Mixed Platforms.ActiveCfg = Release|Any CPU
		{D66EB814-6470-4E5F-843E-35D602078083}.Ad-Hoc|Mixed Platforms.Build.0 = Release|Any CPU
		{D66EB814-6470-4E5F-843E-35D602078083}.Ad-Hoc|x86.ActiveCfg = Release|Any CPU
		{D66EB814-6470-4E5F-843E-35D602078083}.AppStore|Any CPU.ActiveCfg = Release|Any CPU
		{D66EB814-6470-4E5F-843E-35D602078083}.AppStore|Any CPU.Build.0 = Release|Any CPU
		{D66EB814-6470-4E5F-843E-35D602078083}.AppStore|ARM.ActiveCfg = Release|Any CPU
		{D66EB814-6470-4E5F-843E-35D602078083}.AppStore|iPhone.ActiveCfg = Release|Any CPU
		{D66EB814-6470-4E5F-843E-35D602078083}.AppStore|iPhoneSimulator.ActiveCfg = Release|Any CPU
		{D66EB814-6470-4E5F-843E-35D602078083}.AppStore|Mixed Platforms.ActiveCfg = Release|Any CPU
		{D66EB814-6470-4E5F-843E-35D602078083}.AppStore|Mixed Platforms.Build.0 = Release|Any CPU
		{D66EB814-6470-4E5F-843E-35D602078083}.AppStore|x86.ActiveCfg = Release|Any CPU
		{D66EB814-6470-4E5F-843E-35D602078083}.Debug|Any CPU.ActiveCfg = Debug|Any CPU
		{D66EB814-6470-4E5F-843E-35D602078083}.Debug|Any CPU.Build.0 = Debug|Any CPU
		{D66EB814-6470-4E5F-843E-35D602078083}.Debug|ARM.ActiveCfg = Debug|Any CPU
		{D66EB814-6470-4E5F-843E-35D602078083}.Debug|iPhone.ActiveCfg = Debug|Any CPU
		{D66EB814-6470-4E5F-843E-35D602078083}.Debug|iPhoneSimulator.ActiveCfg = Debug|Any CPU
		{D66EB814-6470-4E5F-843E-35D602078083}.Debug|Mixed Platforms.ActiveCfg = Debug|Any CPU
		{D66EB814-6470-4E5F-843E-35D602078083}.Debug|Mixed Platforms.Build.0 = Debug|Any CPU
		{D66EB814-6470-4E5F-843E-35D602078083}.Debug|x86.ActiveCfg = Debug|Any CPU
		{D66EB814-6470-4E5F-843E-35D602078083}.Release|Any CPU.ActiveCfg = Release|Any CPU
		{D66EB814-6470-4E5F-843E-35D602078083}.Release|Any CPU.Build.0 = Release|Any CPU
		{D66EB814-6470-4E5F-843E-35D602078083}.Release|ARM.ActiveCfg = Release|Any CPU
		{D66EB814-6470-4E5F-843E-35D602078083}.Release|iPhone.ActiveCfg = Release|Any CPU
		{D66EB814-6470-4E5F-843E-35D602078083}.Release|iPhoneSimulator.ActiveCfg = Release|Any CPU
		{D66EB814-6470-4E5F-843E-35D602078083}.Release|Mixed Platforms.ActiveCfg = Release|Any CPU
		{D66EB814-6470-4E5F-843E-35D602078083}.Release|Mixed Platforms.Build.0 = Release|Any CPU
		{D66EB814-6470-4E5F-843E-35D602078083}.Release|x86.ActiveCfg = Release|Any CPU
		{45E4098C-30AB-44D6-A45F-A46300ACF325}.Ad-Hoc|Any CPU.ActiveCfg = Ad-Hoc|iPhone
		{45E4098C-30AB-44D6-A45F-A46300ACF325}.Ad-Hoc|ARM.ActiveCfg = Ad-Hoc|iPhone
		{45E4098C-30AB-44D6-A45F-A46300ACF325}.Ad-Hoc|iPhone.ActiveCfg = Ad-Hoc|iPhone
		{45E4098C-30AB-44D6-A45F-A46300ACF325}.Ad-Hoc|iPhone.Build.0 = Ad-Hoc|iPhone
		{45E4098C-30AB-44D6-A45F-A46300ACF325}.Ad-Hoc|iPhoneSimulator.ActiveCfg = Ad-Hoc|iPhoneSimulator
		{45E4098C-30AB-44D6-A45F-A46300ACF325}.Ad-Hoc|iPhoneSimulator.Build.0 = Ad-Hoc|iPhoneSimulator
		{45E4098C-30AB-44D6-A45F-A46300ACF325}.Ad-Hoc|Mixed Platforms.ActiveCfg = Ad-Hoc|iPhone
		{45E4098C-30AB-44D6-A45F-A46300ACF325}.Ad-Hoc|Mixed Platforms.Build.0 = Ad-Hoc|iPhone
		{45E4098C-30AB-44D6-A45F-A46300ACF325}.Ad-Hoc|x86.ActiveCfg = Ad-Hoc|iPhone
		{45E4098C-30AB-44D6-A45F-A46300ACF325}.AppStore|Any CPU.ActiveCfg = AppStore|iPhone
		{45E4098C-30AB-44D6-A45F-A46300ACF325}.AppStore|ARM.ActiveCfg = AppStore|iPhone
		{45E4098C-30AB-44D6-A45F-A46300ACF325}.AppStore|iPhone.ActiveCfg = AppStore|iPhone
		{45E4098C-30AB-44D6-A45F-A46300ACF325}.AppStore|iPhone.Build.0 = AppStore|iPhone
		{45E4098C-30AB-44D6-A45F-A46300ACF325}.AppStore|iPhoneSimulator.ActiveCfg = AppStore|iPhoneSimulator
		{45E4098C-30AB-44D6-A45F-A46300ACF325}.AppStore|iPhoneSimulator.Build.0 = AppStore|iPhoneSimulator
		{45E4098C-30AB-44D6-A45F-A46300ACF325}.AppStore|Mixed Platforms.ActiveCfg = AppStore|iPhone
		{45E4098C-30AB-44D6-A45F-A46300ACF325}.AppStore|Mixed Platforms.Build.0 = AppStore|iPhone
		{45E4098C-30AB-44D6-A45F-A46300ACF325}.AppStore|x86.ActiveCfg = AppStore|iPhone
		{45E4098C-30AB-44D6-A45F-A46300ACF325}.Debug|Any CPU.ActiveCfg = Debug|iPhone
		{45E4098C-30AB-44D6-A45F-A46300ACF325}.Debug|ARM.ActiveCfg = Debug|iPhone
		{45E4098C-30AB-44D6-A45F-A46300ACF325}.Debug|iPhone.ActiveCfg = Debug|iPhone
		{45E4098C-30AB-44D6-A45F-A46300ACF325}.Debug|iPhone.Build.0 = Debug|iPhone
		{45E4098C-30AB-44D6-A45F-A46300ACF325}.Debug|iPhoneSimulator.ActiveCfg = Debug|iPhoneSimulator
		{45E4098C-30AB-44D6-A45F-A46300ACF325}.Debug|iPhoneSimulator.Build.0 = Debug|iPhoneSimulator
		{45E4098C-30AB-44D6-A45F-A46300ACF325}.Debug|Mixed Platforms.ActiveCfg = Debug|iPhoneSimulator
		{45E4098C-30AB-44D6-A45F-A46300ACF325}.Debug|Mixed Platforms.Build.0 = Debug|iPhoneSimulator
		{45E4098C-30AB-44D6-A45F-A46300ACF325}.Debug|x86.ActiveCfg = Debug|iPhone
		{45E4098C-30AB-44D6-A45F-A46300ACF325}.Release|Any CPU.ActiveCfg = Release|iPhone
		{45E4098C-30AB-44D6-A45F-A46300ACF325}.Release|ARM.ActiveCfg = Release|iPhone
		{45E4098C-30AB-44D6-A45F-A46300ACF325}.Release|iPhone.ActiveCfg = Release|iPhone
		{45E4098C-30AB-44D6-A45F-A46300ACF325}.Release|iPhone.Build.0 = Release|iPhone
		{45E4098C-30AB-44D6-A45F-A46300ACF325}.Release|iPhoneSimulator.ActiveCfg = Release|iPhoneSimulator
		{45E4098C-30AB-44D6-A45F-A46300ACF325}.Release|iPhoneSimulator.Build.0 = Release|iPhoneSimulator
		{45E4098C-30AB-44D6-A45F-A46300ACF325}.Release|Mixed Platforms.ActiveCfg = Release|iPhone
		{45E4098C-30AB-44D6-A45F-A46300ACF325}.Release|Mixed Platforms.Build.0 = Release|iPhone
		{45E4098C-30AB-44D6-A45F-A46300ACF325}.Release|x86.ActiveCfg = Release|iPhone
		{DA05095C-8948-4FF0-8CE6-9C56602E1856}.Ad-Hoc|Any CPU.ActiveCfg = Release|Any CPU
		{DA05095C-8948-4FF0-8CE6-9C56602E1856}.Ad-Hoc|Any CPU.Build.0 = Release|Any CPU
		{DA05095C-8948-4FF0-8CE6-9C56602E1856}.Ad-Hoc|Any CPU.Deploy.0 = Release|Any CPU
		{DA05095C-8948-4FF0-8CE6-9C56602E1856}.Ad-Hoc|ARM.ActiveCfg = Release|Any CPU
		{DA05095C-8948-4FF0-8CE6-9C56602E1856}.Ad-Hoc|iPhone.ActiveCfg = Release|Any CPU
		{DA05095C-8948-4FF0-8CE6-9C56602E1856}.Ad-Hoc|iPhoneSimulator.ActiveCfg = Release|Any CPU
		{DA05095C-8948-4FF0-8CE6-9C56602E1856}.Ad-Hoc|Mixed Platforms.ActiveCfg = Release|Any CPU
		{DA05095C-8948-4FF0-8CE6-9C56602E1856}.Ad-Hoc|Mixed Platforms.Build.0 = Release|Any CPU
		{DA05095C-8948-4FF0-8CE6-9C56602E1856}.Ad-Hoc|Mixed Platforms.Deploy.0 = Release|Any CPU
		{DA05095C-8948-4FF0-8CE6-9C56602E1856}.Ad-Hoc|x86.ActiveCfg = Release|Any CPU
		{DA05095C-8948-4FF0-8CE6-9C56602E1856}.AppStore|Any CPU.ActiveCfg = Release|Any CPU
		{DA05095C-8948-4FF0-8CE6-9C56602E1856}.AppStore|Any CPU.Build.0 = Release|Any CPU
		{DA05095C-8948-4FF0-8CE6-9C56602E1856}.AppStore|Any CPU.Deploy.0 = Release|Any CPU
		{DA05095C-8948-4FF0-8CE6-9C56602E1856}.AppStore|ARM.ActiveCfg = Release|Any CPU
		{DA05095C-8948-4FF0-8CE6-9C56602E1856}.AppStore|iPhone.ActiveCfg = Release|Any CPU
		{DA05095C-8948-4FF0-8CE6-9C56602E1856}.AppStore|iPhoneSimulator.ActiveCfg = Release|Any CPU
		{DA05095C-8948-4FF0-8CE6-9C56602E1856}.AppStore|Mixed Platforms.ActiveCfg = Release|Any CPU
		{DA05095C-8948-4FF0-8CE6-9C56602E1856}.AppStore|Mixed Platforms.Build.0 = Release|Any CPU
		{DA05095C-8948-4FF0-8CE6-9C56602E1856}.AppStore|Mixed Platforms.Deploy.0 = Release|Any CPU
		{DA05095C-8948-4FF0-8CE6-9C56602E1856}.AppStore|x86.ActiveCfg = Release|Any CPU
		{DA05095C-8948-4FF0-8CE6-9C56602E1856}.Debug|Any CPU.ActiveCfg = Debug|Any CPU
		{DA05095C-8948-4FF0-8CE6-9C56602E1856}.Debug|Any CPU.Build.0 = Debug|Any CPU
		{DA05095C-8948-4FF0-8CE6-9C56602E1856}.Debug|Any CPU.Deploy.0 = Debug|Any CPU
		{DA05095C-8948-4FF0-8CE6-9C56602E1856}.Debug|ARM.ActiveCfg = Debug|Any CPU
		{DA05095C-8948-4FF0-8CE6-9C56602E1856}.Debug|iPhone.ActiveCfg = Debug|Any CPU
		{DA05095C-8948-4FF0-8CE6-9C56602E1856}.Debug|iPhoneSimulator.ActiveCfg = Debug|Any CPU
		{DA05095C-8948-4FF0-8CE6-9C56602E1856}.Debug|Mixed Platforms.ActiveCfg = Debug|Any CPU
		{DA05095C-8948-4FF0-8CE6-9C56602E1856}.Debug|Mixed Platforms.Build.0 = Debug|Any CPU
		{DA05095C-8948-4FF0-8CE6-9C56602E1856}.Debug|Mixed Platforms.Deploy.0 = Debug|Any CPU
		{DA05095C-8948-4FF0-8CE6-9C56602E1856}.Debug|x86.ActiveCfg = Debug|Any CPU
		{DA05095C-8948-4FF0-8CE6-9C56602E1856}.Release|Any CPU.ActiveCfg = Release|Any CPU
		{DA05095C-8948-4FF0-8CE6-9C56602E1856}.Release|Any CPU.Build.0 = Release|Any CPU
		{DA05095C-8948-4FF0-8CE6-9C56602E1856}.Release|Any CPU.Deploy.0 = Release|Any CPU
		{DA05095C-8948-4FF0-8CE6-9C56602E1856}.Release|ARM.ActiveCfg = Release|Any CPU
		{DA05095C-8948-4FF0-8CE6-9C56602E1856}.Release|iPhone.ActiveCfg = Release|Any CPU
		{DA05095C-8948-4FF0-8CE6-9C56602E1856}.Release|iPhoneSimulator.ActiveCfg = Release|Any CPU
		{DA05095C-8948-4FF0-8CE6-9C56602E1856}.Release|Mixed Platforms.ActiveCfg = Release|Any CPU
		{DA05095C-8948-4FF0-8CE6-9C56602E1856}.Release|Mixed Platforms.Build.0 = Release|Any CPU
		{DA05095C-8948-4FF0-8CE6-9C56602E1856}.Release|Mixed Platforms.Deploy.0 = Release|Any CPU
		{DA05095C-8948-4FF0-8CE6-9C56602E1856}.Release|x86.ActiveCfg = Release|Any CPU
		{BE5901EC-BAF2-4317-99A7-0590D16624FA}.Ad-Hoc|Any CPU.ActiveCfg = Release|Any CPU
		{BE5901EC-BAF2-4317-99A7-0590D16624FA}.Ad-Hoc|Any CPU.Build.0 = Release|Any CPU
		{BE5901EC-BAF2-4317-99A7-0590D16624FA}.Ad-Hoc|Any CPU.Deploy.0 = Release|Any CPU
		{BE5901EC-BAF2-4317-99A7-0590D16624FA}.Ad-Hoc|ARM.ActiveCfg = Release|ARM
		{BE5901EC-BAF2-4317-99A7-0590D16624FA}.Ad-Hoc|ARM.Build.0 = Release|ARM
		{BE5901EC-BAF2-4317-99A7-0590D16624FA}.Ad-Hoc|ARM.Deploy.0 = Release|ARM
		{BE5901EC-BAF2-4317-99A7-0590D16624FA}.Ad-Hoc|iPhone.ActiveCfg = Release|Any CPU
		{BE5901EC-BAF2-4317-99A7-0590D16624FA}.Ad-Hoc|iPhoneSimulator.ActiveCfg = Release|Any CPU
		{BE5901EC-BAF2-4317-99A7-0590D16624FA}.Ad-Hoc|Mixed Platforms.ActiveCfg = Release|x86
		{BE5901EC-BAF2-4317-99A7-0590D16624FA}.Ad-Hoc|Mixed Platforms.Build.0 = Release|x86
		{BE5901EC-BAF2-4317-99A7-0590D16624FA}.Ad-Hoc|Mixed Platforms.Deploy.0 = Release|x86
		{BE5901EC-BAF2-4317-99A7-0590D16624FA}.Ad-Hoc|x86.ActiveCfg = Release|x86
		{BE5901EC-BAF2-4317-99A7-0590D16624FA}.Ad-Hoc|x86.Build.0 = Release|x86
		{BE5901EC-BAF2-4317-99A7-0590D16624FA}.Ad-Hoc|x86.Deploy.0 = Release|x86
		{BE5901EC-BAF2-4317-99A7-0590D16624FA}.AppStore|Any CPU.ActiveCfg = Release|Any CPU
		{BE5901EC-BAF2-4317-99A7-0590D16624FA}.AppStore|Any CPU.Build.0 = Release|Any CPU
		{BE5901EC-BAF2-4317-99A7-0590D16624FA}.AppStore|Any CPU.Deploy.0 = Release|Any CPU
		{BE5901EC-BAF2-4317-99A7-0590D16624FA}.AppStore|ARM.ActiveCfg = Release|ARM
		{BE5901EC-BAF2-4317-99A7-0590D16624FA}.AppStore|ARM.Build.0 = Release|ARM
		{BE5901EC-BAF2-4317-99A7-0590D16624FA}.AppStore|ARM.Deploy.0 = Release|ARM
		{BE5901EC-BAF2-4317-99A7-0590D16624FA}.AppStore|iPhone.ActiveCfg = Release|Any CPU
		{BE5901EC-BAF2-4317-99A7-0590D16624FA}.AppStore|iPhoneSimulator.ActiveCfg = Release|Any CPU
		{BE5901EC-BAF2-4317-99A7-0590D16624FA}.AppStore|Mixed Platforms.ActiveCfg = Release|x86
		{BE5901EC-BAF2-4317-99A7-0590D16624FA}.AppStore|Mixed Platforms.Build.0 = Release|x86
		{BE5901EC-BAF2-4317-99A7-0590D16624FA}.AppStore|Mixed Platforms.Deploy.0 = Release|x86
		{BE5901EC-BAF2-4317-99A7-0590D16624FA}.AppStore|x86.ActiveCfg = Release|x86
		{BE5901EC-BAF2-4317-99A7-0590D16624FA}.AppStore|x86.Build.0 = Release|x86
		{BE5901EC-BAF2-4317-99A7-0590D16624FA}.AppStore|x86.Deploy.0 = Release|x86
		{BE5901EC-BAF2-4317-99A7-0590D16624FA}.Debug|Any CPU.ActiveCfg = Debug|Any CPU
		{BE5901EC-BAF2-4317-99A7-0590D16624FA}.Debug|Any CPU.Build.0 = Debug|Any CPU
		{BE5901EC-BAF2-4317-99A7-0590D16624FA}.Debug|Any CPU.Deploy.0 = Debug|Any CPU
		{BE5901EC-BAF2-4317-99A7-0590D16624FA}.Debug|ARM.ActiveCfg = Debug|ARM
		{BE5901EC-BAF2-4317-99A7-0590D16624FA}.Debug|ARM.Build.0 = Debug|ARM
		{BE5901EC-BAF2-4317-99A7-0590D16624FA}.Debug|ARM.Deploy.0 = Debug|ARM
		{BE5901EC-BAF2-4317-99A7-0590D16624FA}.Debug|iPhone.ActiveCfg = Debug|Any CPU
		{BE5901EC-BAF2-4317-99A7-0590D16624FA}.Debug|iPhoneSimulator.ActiveCfg = Debug|Any CPU
		{BE5901EC-BAF2-4317-99A7-0590D16624FA}.Debug|Mixed Platforms.ActiveCfg = Debug|Any CPU
		{BE5901EC-BAF2-4317-99A7-0590D16624FA}.Debug|Mixed Platforms.Build.0 = Debug|Any CPU
		{BE5901EC-BAF2-4317-99A7-0590D16624FA}.Debug|Mixed Platforms.Deploy.0 = Debug|Any CPU
		{BE5901EC-BAF2-4317-99A7-0590D16624FA}.Debug|x86.ActiveCfg = Debug|x86
		{BE5901EC-BAF2-4317-99A7-0590D16624FA}.Debug|x86.Build.0 = Debug|x86
		{BE5901EC-BAF2-4317-99A7-0590D16624FA}.Debug|x86.Deploy.0 = Debug|x86
		{BE5901EC-BAF2-4317-99A7-0590D16624FA}.Release|Any CPU.ActiveCfg = Release|Any CPU
		{BE5901EC-BAF2-4317-99A7-0590D16624FA}.Release|Any CPU.Build.0 = Release|Any CPU
		{BE5901EC-BAF2-4317-99A7-0590D16624FA}.Release|Any CPU.Deploy.0 = Release|Any CPU
		{BE5901EC-BAF2-4317-99A7-0590D16624FA}.Release|ARM.ActiveCfg = Release|ARM
		{BE5901EC-BAF2-4317-99A7-0590D16624FA}.Release|ARM.Build.0 = Release|ARM
		{BE5901EC-BAF2-4317-99A7-0590D16624FA}.Release|ARM.Deploy.0 = Release|ARM
		{BE5901EC-BAF2-4317-99A7-0590D16624FA}.Release|iPhone.ActiveCfg = Release|Any CPU
		{BE5901EC-BAF2-4317-99A7-0590D16624FA}.Release|iPhoneSimulator.ActiveCfg = Release|Any CPU
		{BE5901EC-BAF2-4317-99A7-0590D16624FA}.Release|Mixed Platforms.ActiveCfg = Release|x86
		{BE5901EC-BAF2-4317-99A7-0590D16624FA}.Release|Mixed Platforms.Build.0 = Release|x86
		{BE5901EC-BAF2-4317-99A7-0590D16624FA}.Release|Mixed Platforms.Deploy.0 = Release|x86
		{BE5901EC-BAF2-4317-99A7-0590D16624FA}.Release|x86.ActiveCfg = Release|x86
		{BE5901EC-BAF2-4317-99A7-0590D16624FA}.Release|x86.Build.0 = Release|x86
		{BE5901EC-BAF2-4317-99A7-0590D16624FA}.Release|x86.Deploy.0 = Release|x86
	EndGlobalSection
	GlobalSection(SolutionProperties) = preSolution
		HideSolutionNode = FALSE
	EndGlobalSection
EndGlobal
